// !$*UTF8*$!
{
	archiveVersion = 1;
	classes = {
	};
	objectVersion = 77;
	objects = {

/* Begin PBXBuildFile section */
		D0A63CAF2F74A8DE0032498D /* RailcartChain in Frameworks */ = {isa = PBXBuildFile; productRef = D0A63CAE2F74A8DE0032498D /* RailcartChain */; };
		D0CHAIN032F71C5D50008E08D /* (null) in Frameworks */ = {isa = PBXBuildFile; };
		D0SPARKLE0100000000000001 /* Sparkle in Frameworks */ = {isa = PBXBuildFile; productRef = D0SPARKLE0100000000000003 /* Sparkle */; };
/* End PBXBuildFile section */

/* Begin PBXContainerItemProxy section */
		D07847B32F71C5D50008E08D /* PBXContainerItemProxy */ = {
			isa = PBXContainerItemProxy;
			containerPortal = D07847982F71C5D40008E08D /* Project object */;
			proxyType = 1;
			remoteGlobalIDString = D078479F2F71C5D40008E08D;
			remoteInfo = railcart;
		};
		D0UITEST012F71C5D50008E08D /* PBXContainerItemProxy */ = {
			isa = PBXContainerItemProxy;
			containerPortal = D07847982F71C5D40008E08D /* Project object */;
			proxyType = 1;
			remoteGlobalIDString = D078479F2F71C5D40008E08D;
			remoteInfo = railcart;
		};
/* End PBXContainerItemProxy section */

/* Begin PBXFileReference section */
		D07847A02F71C5D40008E08D /* railcart.app */ = {isa = PBXFileReference; explicitFileType = wrapper.application; includeInIndex = 0; path = railcart.app; sourceTree = BUILT_PRODUCTS_DIR; };
		D07847B22F71C5D50008E08D /* railcartTests.xctest */ = {isa = PBXFileReference; explicitFileType = wrapper.cfbundle; includeInIndex = 0; path = railcartTests.xctest; sourceTree = BUILT_PRODUCTS_DIR; };
		D0UITEST002F71C5D50008E08D /* railcartUITests.xctest */ = {isa = PBXFileReference; explicitFileType = wrapper.cfbundle; includeInIndex = 0; path = railcartUITests.xctest; sourceTree = BUILT_PRODUCTS_DIR; };
/* End PBXFileReference section */

/* Begin PBXFileSystemSynchronizedRootGroup section */
		D07847A22F71C5D40008E08D /* railcart */ = {
			isa = PBXFileSystemSynchronizedRootGroup;
			path = railcart;
			sourceTree = "<group>";
		};
		D07847B52F71C5D50008E08D /* railcartTests */ = {
			isa = PBXFileSystemSynchronizedRootGroup;
			path = railcartTests;
			sourceTree = "<group>";
		};
		D0UITEST032F71C5D50008E08D /* railcartUITests */ = {
			isa = PBXFileSystemSynchronizedRootGroup;
			path = railcartUITests;
			sourceTree = "<group>";
		};
/* End PBXFileSystemSynchronizedRootGroup section */

/* Begin PBXFrameworksBuildPhase section */
		D078479D2F71C5D40008E08D /* Frameworks */ = {
			isa = PBXFrameworksBuildPhase;
			buildActionMask = 2147483647;
			files = (
				D0A63CAF2F74A8DE0032498D /* RailcartChain in Frameworks */,
				D0SPARKLE0100000000000001 /* Sparkle in Frameworks */,
				D0CHAIN032F71C5D50008E08D /* (null) in Frameworks */,
			);
			runOnlyForDeploymentPostprocessing = 0;
		};
		D07847AF2F71C5D50008E08D /* Frameworks */ = {
			isa = PBXFrameworksBuildPhase;
			buildActionMask = 2147483647;
			files = (
			);
			runOnlyForDeploymentPostprocessing = 0;
		};
		D0UITEST042F71C5D50008E08D /* Frameworks */ = {
			isa = PBXFrameworksBuildPhase;
			buildActionMask = 2147483647;
			files = (
			);
			runOnlyForDeploymentPostprocessing = 0;
		};
/* End PBXFrameworksBuildPhase section */

/* Begin PBXGroup section */
		D07847972F71C5D40008E08D = {
			isa = PBXGroup;
			children = (
				D07847A22F71C5D40008E08D /* railcart */,
				D07847B52F71C5D50008E08D /* railcartTests */,
				D0UITEST032F71C5D50008E08D /* railcartUITests */,
				D0A63CAD2F74A8DE0032498D /* Frameworks */,
				D07847A12F71C5D40008E08D /* Products */,
			);
			sourceTree = "<group>";
		};
		D07847A12F71C5D40008E08D /* Products */ = {
			isa = PBXGroup;
			children = (
				D07847A02F71C5D40008E08D /* railcart.app */,
				D07847B22F71C5D50008E08D /* railcartTests.xctest */,
				D0UITEST002F71C5D50008E08D /* railcartUITests.xctest */,
			);
			name = Products;
			sourceTree = "<group>";
		};
		D0A63CAD2F74A8DE0032498D /* Frameworks */ = {
			isa = PBXGroup;
			children = (
			);
			name = Frameworks;
			sourceTree = "<group>";
		};
/* End PBXGroup section */

/* Begin PBXNativeTarget section */
		D078479F2F71C5D40008E08D /* railcart */ = {
			isa = PBXNativeTarget;
			buildConfigurationList = D07847C62F71C5D50008E08D /* Build configuration list for PBXNativeTarget "railcart" */;
			buildPhases = (
				D078479C2F71C5D40008E08D /* Sources */,
				D078479D2F71C5D40008E08D /* Frameworks */,
				D078479E2F71C5D40008E08D /* Resources */,
				D0NODEJS012F71C5D50008E08D /* Bundle Node.js Runtime */,
			);
			buildRules = (
			);
			dependencies = (
			);
			fileSystemSynchronizedGroups = (
				D07847A22F71C5D40008E08D /* railcart */,
			);
			name = railcart;
			packageProductDependencies = (
				D0A63CAE2F74A8DE0032498D /* RailcartChain */,
				D0SPARKLE0100000000000003 /* Sparkle */,
			);
			productName = railcart;
			productReference = D07847A02F71C5D40008E08D /* railcart.app */;
			productType = "com.apple.product-type.application";
		};
		D07847B12F71C5D50008E08D /* railcartTests */ = {
			isa = PBXNativeTarget;
			buildConfigurationList = D07847C92F71C5D50008E08D /* Build configuration list for PBXNativeTarget "railcartTests" */;
			buildPhases = (
				D07847AE2F71C5D50008E08D /* Sources */,
				D07847AF2F71C5D50008E08D /* Frameworks */,
				D07847B02F71C5D50008E08D /* Resources */,
			);
			buildRules = (
			);
			dependencies = (
				D07847B42F71C5D50008E08D /* PBXTargetDependency */,
			);
			fileSystemSynchronizedGroups = (
				D07847B52F71C5D50008E08D /* railcartTests */,
			);
			name = railcartTests;
			packageProductDependencies = (
			);
			productName = railcartTests;
			productReference = D07847B22F71C5D50008E08D /* railcartTests.xctest */;
			productType = "com.apple.product-type.bundle.unit-test";
		};
		D0UITEST052F71C5D50008E08D /* railcartUITests */ = {
			isa = PBXNativeTarget;
			buildConfigurationList = D0UITEST0C2F71C5D50008E08D /* Build configuration list for PBXNativeTarget "railcartUITests" */;
			buildPhases = (
				D0UITEST062F71C5D50008E08D /* Sources */,
				D0UITEST042F71C5D50008E08D /* Frameworks */,
				D0UITEST072F71C5D50008E08D /* Resources */,
			);
			buildRules = (
			);
			dependencies = (
				D0UITEST022F71C5D50008E08D /* PBXTargetDependency */,
			);
			fileSystemSynchronizedGroups = (
				D0UITEST032F71C5D50008E08D /* railcartUITests */,
			);
			name = railcartUITests;
			packageProductDependencies = (
			);
			productName = railcartUITests;
			productReference = D0UITEST002F71C5D50008E08D /* railcartUITests.xctest */;
			productType = "com.apple.product-type.bundle.ui-testing";
		};
/* End PBXNativeTarget section */

/* Begin PBXProject section */
		D07847982F71C5D40008E08D /* Project object */ = {
			isa = PBXProject;
			attributes = {
				BuildIndependentTargetsInParallel = 1;
				LastSwiftUpdateCheck = 2620;
				LastUpgradeCheck = 2620;
				TargetAttributes = {
					D078479F2F71C5D40008E08D = {
						CreatedOnToolsVersion = 26.2;
					};
					D07847B12F71C5D50008E08D = {
						CreatedOnToolsVersion = 26.2;
						TestTargetID = D078479F2F71C5D40008E08D;
					};
					D0UITEST052F71C5D50008E08D = {
						CreatedOnToolsVersion = 26.2;
						TestTargetID = D078479F2F71C5D40008E08D;
					};
				};
			};
			buildConfigurationList = D078479B2F71C5D40008E08D /* Build configuration list for PBXProject "railcart" */;
			developmentRegion = en;
			hasScannedForEncodings = 0;
			knownRegions = (
				en,
				Base,
			);
			mainGroup = D07847972F71C5D40008E08D;
			minimizedProjectReferenceProxies = 1;
			packageReferences = (
				D0A63CAC2F74A8500032498D /* XCLocalSwiftPackageReference "packages/RailcartChain" */,
				D0SPARKLE0100000000000002 /* XCRemoteSwiftPackageReference "Sparkle" */,
			);
			preferredProjectObjectVersion = 77;
			productRefGroup = D07847A12F71C5D40008E08D /* Products */;
			projectDirPath = "";
			projectRoot = "";
			targets = (
				D078479F2F71C5D40008E08D /* railcart */,
				D07847B12F71C5D50008E08D /* railcartTests */,
				D0UITEST052F71C5D50008E08D /* railcartUITests */,
			);
		};
/* End PBXProject section */

/* Begin PBXResourcesBuildPhase section */
		D078479E2F71C5D40008E08D /* Resources */ = {
			isa = PBXResourcesBuildPhase;
			buildActionMask = 2147483647;
			files = (
			);
			runOnlyForDeploymentPostprocessing = 0;
		};
		D07847B02F71C5D50008E08D /* Resources */ = {
			isa = PBXResourcesBuildPhase;
			buildActionMask = 2147483647;
			files = (
			);
			runOnlyForDeploymentPostprocessing = 0;
		};
		D0UITEST072F71C5D50008E08D /* Resources */ = {
			isa = PBXResourcesBuildPhase;
			buildActionMask = 2147483647;
			files = (
			);
			runOnlyForDeploymentPostprocessing = 0;
		};
/* End PBXResourcesBuildPhase section */

/* Begin PBXShellScriptBuildPhase section */
		D0NODEJS012F71C5D50008E08D /* Bundle Node.js Runtime */ = {
			isa = PBXShellScriptBuildPhase;
			buildActionMask = 2147483647;
			files = (
			);
			inputPaths = (
				"$(SRCROOT)/vendor/node/bin/node",
				"$(SRCROOT)/nodejs-project/src",
				"$(SRCROOT)/nodejs-project/package.json",
				"$(SRCROOT)/nodejs-project/node_modules",
			);
			name = "Bundle Node.js Runtime";
			outputPaths = (
				"$(BUILT_PRODUCTS_DIR)/$(CONTENTS_FOLDER_PATH)/Resources/nodejs-project",
				"$(BUILT_PRODUCTS_DIR)/$(CONTENTS_FOLDER_PATH)/Resources/node",
			);
			runOnlyForDeploymentPostprocessing = 0;
			shellPath = /bin/bash;
			shellScript = "set -euo pipefail\n\nRESOURCES_DIR=\"${BUILT_PRODUCTS_DIR}/${CONTENTS_FOLDER_PATH}/Resources\"\nNODE_SRC=\"${SRCROOT}/vendor/node/bin/node\"\nNODEJS_PROJECT=\"${SRCROOT}/nodejs-project\"\n\n# Verify setup has been run\nif [ ! -f \"$NODE_SRC\" ]; then\n    echo \"error: Node.js binary not found. Run: scripts/setup-node.sh\"\n    exit 1\nfi\n\nif [ ! -d \"$NODEJS_PROJECT/node_modules\" ]; then\n    echo \"error: node_modules not found. Run: cd nodejs-project && npm install\"\n    exit 1\nfi\n\n# Copy node binary\nmkdir -p \"$RESOURCES_DIR\"\ncp \"$NODE_SRC\" \"$RESOURCES_DIR/node\"\nchmod +x \"$RESOURCES_DIR/node\"\n\n# Copy nodejs-project (src + node_modules + package.json)\n# Exclude react-native and its transitive deps (pulled in by @graphql-mesh/cross-helpers\n# which uses native fs in Node.js, not react-native-fs)\nrsync -a --delete \\\n    --exclude='.git' \\\n    --exclude='.gitignore' \\\n    --exclude='*.test.js' \\\n    --exclude='node_modules/react-native' \\\n    --exclude='node_modules/@react-native' \\\n    --exclude='node_modules/react-devtools-core' \\\n    --exclude='node_modules/react-native-fs' \\\n    --exclude='node_modules/@babel' \\\n    --exclude='node_modules/@types' \\\n    --exclude='node_modules/fb-dotslash' \\\n    --exclude='node_modules/jest-*' \\\n    --exclude='node_modules/@jest' \\\n    --exclude='node_modules/babel-*' \\\n    --exclude='*.md' \\\n    --exclude='*.markdown' \\\n    --exclude='*.map' \\\n    --exclude='*.ts' \\\n    --exclude='*.tsx' \\\n    --exclude='*.flow' \\\n    --exclude='*.spec.js' \\\n    --exclude='test' \\\n    --exclude='tests' \\\n    --exclude='__tests__' \\\n    --exclude='example' \\\n    --exclude='examples' \\\n    --exclude='demo' \\\n    --exclude='demos' \\\n    --exclude='docs' \\\n    --exclude='doc' \\\n    --exclude='coverage' \\\n    --exclude='.nyc_output' \\\n    --exclude='.github' \\\n    --exclude='.vscode' \\\n    --exclude='.idea' \\\n    --exclude='.eslintrc*' \\\n    --exclude='.prettierrc*' \\\n    --exclude='.editorconfig' \\\n    --exclude='.travis.yml' \\\n    --exclude='appveyor.yml' \\\n    --exclude='.npmignore' \\\n    --exclude='CHANGELOG*' \\\n    --exclude='HISTORY*' \\\n    --exclude='AUTHORS*' \\\n    --exclude='CONTRIBUTING*' \\\n    --exclude='CONTRIBUTORS*' \\\n    --exclude='SECURITY*' \\\n    --exclude='UPGRADING*' \\\n    \"$NODEJS_PROJECT/\" \"$RESOURCES_DIR/nodejs-project/\"\n";
		};
/* End PBXShellScriptBuildPhase section */

/* Begin PBXSourcesBuildPhase section */
		D078479C2F71C5D40008E08D /* Sources */ = {
			isa = PBXSourcesBuildPhase;
			buildActionMask = 2147483647;
			files = (
			);
			runOnlyForDeploymentPostprocessing = 0;
		};
		D07847AE2F71C5D50008E08D /* Sources */ = {
			isa = PBXSourcesBuildPhase;
			buildActionMask = 2147483647;
			files = (
			);
			runOnlyForDeploymentPostprocessing = 0;
		};
		D0UITEST062F71C5D50008E08D /* Sources */ = {
			isa = PBXSourcesBuildPhase;
			buildActionMask = 2147483647;
			files = (
			);
			runOnlyForDeploymentPostprocessing = 0;
		};
/* End PBXSourcesBuildPhase section */

/* Begin PBXTargetDependency section */
		D07847B42F71C5D50008E08D /* PBXTargetDependency */ = {
			isa = PBXTargetDependency;
			target = D078479F2F71C5D40008E08D /* railcart */;
			targetProxy = D07847B32F71C5D50008E08D /* PBXContainerItemProxy */;
		};
		D0UITEST022F71C5D50008E08D /* PBXTargetDependency */ = {
			isa = PBXTargetDependency;
			target = D078479F2F71C5D40008E08D /* railcart */;
			targetProxy = D0UITEST012F71C5D50008E08D /* PBXContainerItemProxy */;
		};
/* End PBXTargetDependency section */

/* Begin XCBuildConfiguration section */
		D07847C42F71C5D50008E08D /* Debug */ = {
			isa = XCBuildConfiguration;
			buildSettings = {
				ALWAYS_SEARCH_USER_PATHS = NO;
				ASSETCATALOG_COMPILER_GENERATE_SWIFT_ASSET_SYMBOL_EXTENSIONS = YES;
				CLANG_ANALYZER_NONNULL = YES;
				CLANG_ANALYZER_NUMBER_OBJECT_CONVERSION = YES_AGGRESSIVE;
				CLANG_CXX_LANGUAGE_STANDARD = "gnu++20";
				CLANG_ENABLE_MODULES = YES;
				CLANG_ENABLE_OBJC_ARC = YES;
				CLANG_ENABLE_OBJC_WEAK = YES;
				CLANG_WARN_BLOCK_CAPTURE_AUTORELEASING = YES;
				CLANG_WARN_BOOL_CONVERSION = YES;
				CLANG_WARN_COMMA = YES;
				CLANG_WARN_CONSTANT_CONVERSION = YES;
				CLANG_WARN_DEPRECATED_OBJC_IMPLEMENTATIONS = YES;
				CLANG_WARN_DIRECT_OBJC_ISA_USAGE = YES_ERROR;
				CLANG_WARN_DOCUMENTATION_COMMENTS = YES;
				CLANG_WARN_EMPTY_BODY = YES;
				CLANG_WARN_ENUM_CONVERSION = YES;
				CLANG_WARN_INFINITE_RECURSION = YES;
				CLANG_WARN_INT_CONVERSION = YES;
				CLANG_WARN_NON_LITERAL_NULL_CONVERSION = YES;
				CLANG_WARN_OBJC_IMPLICIT_RETAIN_SELF = YES;
				CLANG_WARN_OBJC_LITERAL_CONVERSION = YES;
				CLANG_WARN_OBJC_ROOT_CLASS = YES_ERROR;
				CLANG_WARN_QUOTED_INCLUDE_IN_FRAMEWORK_HEADER = YES;
				CLANG_WARN_RANGE_LOOP_ANALYSIS = YES;
				CLANG_WARN_STRICT_PROTOTYPES = YES;
				CLANG_WARN_SUSPICIOUS_MOVE = YES;
				CLANG_WARN_UNGUARDED_AVAILABILITY = YES_AGGRESSIVE;
				CLANG_WARN_UNREACHABLE_CODE = YES;
				CLANG_WARN__DUPLICATE_METHOD_MATCH = YES;
				COPY_PHASE_STRIP = NO;
				DEBUG_INFORMATION_FORMAT = dwarf;
				DEVELOPMENT_TEAM = "";
				ENABLE_STRICT_OBJC_MSGSEND = YES;
				ENABLE_TESTABILITY = YES;
				ENABLE_USER_SCRIPT_SANDBOXING = NO;
				GCC_C_LANGUAGE_STANDARD = gnu17;
				GCC_DYNAMIC_NO_PIC = NO;
				GCC_NO_COMMON_BLOCKS = YES;
				GCC_OPTIMIZATION_LEVEL = 0;
				GCC_PREPROCESSOR_DEFINITIONS = (
					"DEBUG=1",
					"$(inherited)",
				);
				GCC_WARN_64_TO_32_BIT_CONVERSION = YES;
				GCC_WARN_ABOUT_RETURN_TYPE = YES_ERROR;
				GCC_WARN_UNDECLARED_SELECTOR = YES;
				GCC_WARN_UNINITIALIZED_AUTOS = YES_AGGRESSIVE;
				GCC_WARN_UNUSED_FUNCTION = YES;
				GCC_WARN_UNUSED_VARIABLE = YES;
				LOCALIZATION_PREFERS_STRING_CATALOGS = YES;
				MACOSX_DEPLOYMENT_TARGET = 15.0;
				MTL_ENABLE_DEBUG_INFO = INCLUDE_SOURCE;
				MTL_FAST_MATH = YES;
				ONLY_ACTIVE_ARCH = YES;
				SDKROOT = macosx;
				SWIFT_ACTIVE_COMPILATION_CONDITIONS = "DEBUG $(inherited)";
				SWIFT_OPTIMIZATION_LEVEL = "-Onone";
			};
			name = Debug;
		};
		D07847C52F71C5D50008E08D /* Release */ = {
			isa = XCBuildConfiguration;
			buildSettings = {
				ALWAYS_SEARCH_USER_PATHS = NO;
				ASSETCATALOG_COMPILER_GENERATE_SWIFT_ASSET_SYMBOL_EXTENSIONS = YES;
				CLANG_ANALYZER_NONNULL = YES;
				CLANG_ANALYZER_NUMBER_OBJECT_CONVERSION = YES_AGGRESSIVE;
				CLANG_CXX_LANGUAGE_STANDARD = "gnu++20";
				CLANG_ENABLE_MODULES = YES;
				CLANG_ENABLE_OBJC_ARC = YES;
				CLANG_ENABLE_OBJC_WEAK = YES;
				CLANG_WARN_BLOCK_CAPTURE_AUTORELEASING = YES;
				CLANG_WARN_BOOL_CONVERSION = YES;
				CLANG_WARN_COMMA = YES;
				CLANG_WARN_CONSTANT_CONVERSION = YES;
				CLANG_WARN_DEPRECATED_OBJC_IMPLEMENTATIONS = YES;
				CLANG_WARN_DIRECT_OBJC_ISA_USAGE = YES_ERROR;
				CLANG_WARN_DOCUMENTATION_COMMENTS = YES;
				CLANG_WARN_EMPTY_BODY = YES;
				CLANG_WARN_ENUM_CONVERSION = YES;
				CLANG_WARN_INFINITE_RECURSION = YES;
				CLANG_WARN_INT_CONVERSION = YES;
				CLANG_WARN_NON_LITERAL_NULL_CONVERSION = YES;
				CLANG_WARN_OBJC_IMPLICIT_RETAIN_SELF = YES;
				CLANG_WARN_OBJC_LITERAL_CONVERSION = YES;
				CLANG_WARN_OBJC_ROOT_CLASS = YES_ERROR;
				CLANG_WARN_QUOTED_INCLUDE_IN_FRAMEWORK_HEADER = YES;
				CLANG_WARN_RANGE_LOOP_ANALYSIS = YES;
				CLANG_WARN_STRICT_PROTOTYPES = YES;
				CLANG_WARN_SUSPICIOUS_MOVE = YES;
				CLANG_WARN_UNGUARDED_AVAILABILITY = YES_AGGRESSIVE;
				CLANG_WARN_UNREACHABLE_CODE = YES;
				CLANG_WARN__DUPLICATE_METHOD_MATCH = YES;
				COPY_PHASE_STRIP = NO;
				DEBUG_INFORMATION_FORMAT = "dwarf-with-dsym";
				DEVELOPMENT_TEAM = "";
				ENABLE_NS_ASSERTIONS = NO;
				ENABLE_STRICT_OBJC_MSGSEND = YES;
				ENABLE_USER_SCRIPT_SANDBOXING = NO;
				GCC_C_LANGUAGE_STANDARD = gnu17;
				GCC_NO_COMMON_BLOCKS = YES;
				GCC_WARN_64_TO_32_BIT_CONVERSION = YES;
				GCC_WARN_ABOUT_RETURN_TYPE = YES_ERROR;
				GCC_WARN_UNDECLARED_SELECTOR = YES;
				GCC_WARN_UNINITIALIZED_AUTOS = YES_AGGRESSIVE;
				GCC_WARN_UNUSED_FUNCTION = YES;
				GCC_WARN_UNUSED_VARIABLE = YES;
				LOCALIZATION_PREFERS_STRING_CATALOGS = YES;
				MACOSX_DEPLOYMENT_TARGET = 15.0;
				MTL_ENABLE_DEBUG_INFO = NO;
				MTL_FAST_MATH = YES;
				SDKROOT = macosx;
				SWIFT_COMPILATION_MODE = wholemodule;
			};
			name = Release;
		};
		D07847C72F71C5D50008E08D /* Debug */ = {
			isa = XCBuildConfiguration;
			buildSettings = {
				ASSETCATALOG_COMPILER_APPICON_NAME = railcart;
				ASSETCATALOG_COMPILER_APP_ICON = railcart;
				ASSETCATALOG_COMPILER_GLOBAL_ACCENT_COLOR_NAME = AccentColor;
				CODE_SIGN_ENTITLEMENTS = railcart/railcart.entitlements;
				CODE_SIGN_STYLE = Automatic;
				COMBINE_HIDPI_IMAGES = YES;
				CURRENT_PROJECT_VERSION = 6;
				DEVELOPMENT_TEAM = "";
				ENABLE_APP_SANDBOX = NO;
				ENABLE_HARDENED_RUNTIME = YES;
				ENABLE_PREVIEWS = YES;
				ENABLE_USER_SELECTED_FILES = readonly;
				GENERATE_INFOPLIST_FILE = NO;
				INFOPLIST_FILE = railcart/Info.plist;
				LD_RUNPATH_SEARCH_PATHS = (
					"$(inherited)",
					"@executable_path/../Frameworks",
				);
				MARKETING_VERSION = 0.1.3;
				PRODUCT_BUNDLE_IDENTIFIER = app.railcart.macos;
				PRODUCT_NAME = "$(TARGET_NAME)";
				REGISTER_APP_GROUPS = YES;
				STRING_CATALOG_GENERATE_SYMBOLS = YES;
				SWIFT_APPROACHABLE_CONCURRENCY = YES;
				SWIFT_EMIT_LOC_STRINGS = YES;
				SWIFT_UPCOMING_FEATURE_MEMBER_IMPORT_VISIBILITY = YES;
				SWIFT_VERSION = 5.0;
			};
			name = Debug;
		};
		D07847C82F71C5D50008E08D /* Release */ = {
			isa = XCBuildConfiguration;
			buildSettings = {
				ASSETCATALOG_COMPILER_APPICON_NAME = railcart;
				ASSETCATALOG_COMPILER_APP_ICON = railcart;
				ASSETCATALOG_COMPILER_GLOBAL_ACCENT_COLOR_NAME = AccentColor;
				CODE_SIGN_ENTITLEMENTS = railcart/railcart.entitlements;
				CODE_SIGN_STYLE = Automatic;
				COMBINE_HIDPI_IMAGES = YES;
				CURRENT_PROJECT_VERSION = 6;
				DEVELOPMENT_TEAM = "";
				ENABLE_APP_SANDBOX = NO;
				ENABLE_HARDENED_RUNTIME = YES;
				ENABLE_PREVIEWS = YES;
				ENABLE_USER_SELECTED_FILES = readonly;
				GENERATE_INFOPLIST_FILE = NO;
				INFOPLIST_FILE = railcart/Info.plist;
				LD_RUNPATH_SEARCH_PATHS = (
					"$(inherited)",
					"@executable_path/../Frameworks",
				);
				MARKETING_VERSION = 0.1.3;
				PRODUCT_BUNDLE_IDENTIFIER = app.railcart.macos;
				PRODUCT_NAME = "$(TARGET_NAME)";
				REGISTER_APP_GROUPS = YES;
				STRING_CATALOG_GENERATE_SYMBOLS = YES;
				SWIFT_APPROACHABLE_CONCURRENCY = YES;
				SWIFT_EMIT_LOC_STRINGS = YES;
				SWIFT_UPCOMING_FEATURE_MEMBER_IMPORT_VISIBILITY = YES;
				SWIFT_VERSION = 5.0;
			};
			name = Release;
		};
		D07847CA2F71C5D50008E08D /* Debug */ = {
			isa = XCBuildConfiguration;
			buildSettings = {
				BUNDLE_LOADER = "$(TEST_HOST)";
				CODE_SIGN_STYLE = Automatic;
				CURRENT_PROJECT_VERSION = 6;
				DEVELOPMENT_TEAM = "";
				GENERATE_INFOPLIST_FILE = YES;
				MACOSX_DEPLOYMENT_TARGET = 15.0;
				MARKETING_VERSION = 0.1.3;
				PRODUCT_BUNDLE_IDENTIFIER = app.railcart.macosTests;
				PRODUCT_NAME = "$(TARGET_NAME)";
				STRING_CATALOG_GENERATE_SYMBOLS = NO;
				SWIFT_APPROACHABLE_CONCURRENCY = YES;
				SWIFT_EMIT_LOC_STRINGS = NO;
				SWIFT_UPCOMING_FEATURE_MEMBER_IMPORT_VISIBILITY = YES;
				SWIFT_VERSION = 5.0;
				TEST_HOST = "$(BUILT_PRODUCTS_DIR)/railcart.app/$(BUNDLE_EXECUTABLE_FOLDER_PATH)/railcart";
			};
			name = Debug;
		};
		D07847CB2F71C5D50008E08D /* Release */ = {
			isa = XCBuildConfiguration;
			buildSettings = {
				BUNDLE_LOADER = "$(TEST_HOST)";
				CODE_SIGN_STYLE = Automatic;
				CURRENT_PROJECT_VERSION = 6;
				DEVELOPMENT_TEAM = "";
				GENERATE_INFOPLIST_FILE = YES;
				MACOSX_DEPLOYMENT_TARGET = 15.0;
				MARKETING_VERSION = 0.1.3;
				PRODUCT_BUNDLE_IDENTIFIER = app.railcart.macosTests;
				PRODUCT_NAME = "$(TARGET_NAME)";
				STRING_CATALOG_GENERATE_SYMBOLS = NO;
				SWIFT_APPROACHABLE_CONCURRENCY = YES;
				SWIFT_EMIT_LOC_STRINGS = NO;
				SWIFT_UPCOMING_FEATURE_MEMBER_IMPORT_VISIBILITY = YES;
				SWIFT_VERSION = 5.0;
				TEST_HOST = "$(BUILT_PRODUCTS_DIR)/railcart.app/$(BUNDLE_EXECUTABLE_FOLDER_PATH)/railcart";
			};
			name = Release;
		};
		D0UITEST082F71C5D50008E08D /* Debug */ = {
			isa = XCBuildConfiguration;
			buildSettings = {
				CODE_SIGN_STYLE = Automatic;
				CURRENT_PROJECT_VERSION = 6;
				DEVELOPMENT_TEAM = "";
				GENERATE_INFOPLIST_FILE = YES;
				MACOSX_DEPLOYMENT_TARGET = 15.0;
				MARKETING_VERSION = 0.1.3;
				PRODUCT_BUNDLE_IDENTIFIER = app.railcart.macos.uitests;
				PRODUCT_NAME = "$(TARGET_NAME)";
				STRING_CATALOG_GENERATE_SYMBOLS = NO;
				SWIFT_APPROACHABLE_CONCURRENCY = YES;
				SWIFT_EMIT_LOC_STRINGS = NO;
				SWIFT_VERSION = 5.0;
				TEST_TARGET_NAME = railcart;
			};
			name = Debug;
		};
		D0UITEST092F71C5D50008E08D /* Release */ = {
			isa = XCBuildConfiguration;
			buildSettings = {
				CODE_SIGN_STYLE = Automatic;
				CURRENT_PROJECT_VERSION = 6;
				DEVELOPMENT_TEAM = "";
				GENERATE_INFOPLIST_FILE = YES;
				MACOSX_DEPLOYMENT_TARGET = 15.0;
				MARKETING_VERSION = 0.1.3;
				PRODUCT_BUNDLE_IDENTIFIER = app.railcart.macos.uitests;
				PRODUCT_NAME = "$(TARGET_NAME)";
				STRING_CATALOG_GENERATE_SYMBOLS = NO;
				SWIFT_APPROACHABLE_CONCURRENCY = YES;
				SWIFT_EMIT_LOC_STRINGS = NO;
				SWIFT_VERSION = 5.0;
				TEST_TARGET_NAME = railcart;
			};
			name = Release;
		};
/* End XCBuildConfiguration section */

/* Begin XCConfigurationList section */
		D078479B2F71C5D40008E08D /* Build configuration list for PBXProject "railcart" */ = {
			isa = XCConfigurationList;
			buildConfigurations = (
				D07847C42F71C5D50008E08D /* Debug */,
				D07847C52F71C5D50008E08D /* Release */,
			);
			defaultConfigurationIsVisible = 0;
			defaultConfigurationName = Release;
		};
		D07847C62F71C5D50008E08D /* Build configuration list for PBXNativeTarget "railcart" */ = {
			isa = XCConfigurationList;
			buildConfigurations = (
				D07847C72F71C5D50008E08D /* Debug */,
				D07847C82F71C5D50008E08D /* Release */,
			);
			defaultConfigurationIsVisible = 0;
			defaultConfigurationName = Release;
		};
		D07847C92F71C5D50008E08D /* Build configuration list for PBXNativeTarget "railcartTests" */ = {
			isa = XCConfigurationList;
			buildConfigurations = (
				D07847CA2F71C5D50008E08D /* Debug */,
				D07847CB2F71C5D50008E08D /* Release */,
			);
			defaultConfigurationIsVisible = 0;
			defaultConfigurationName = Release;
		};
		D0UITEST0C2F71C5D50008E08D /* Build configuration list for PBXNativeTarget "railcartUITests" */ = {
			isa = XCConfigurationList;
			buildConfigurations = (
				D0UITEST082F71C5D50008E08D /* Debug */,
				D0UITEST092F71C5D50008E08D /* Release */,
			);
			defaultConfigurationIsVisible = 0;
			defaultConfigurationName = Release;
		};
/* End XCConfigurationList section */

/* Begin XCLocalSwiftPackageReference section */
		D0A63CAC2F74A8500032498D /* XCLocalSwiftPackageReference "packages/RailcartChain" */ = {
			isa = XCLocalSwiftPackageReference;
			relativePath = packages/RailcartChain;
		};
/* End XCLocalSwiftPackageReference section */

/* Begin XCRemoteSwiftPackageReference section */
		D0SPARKLE0100000000000002 /* XCRemoteSwiftPackageReference "Sparkle" */ = {
			isa = XCRemoteSwiftPackageReference;
			repositoryURL = "https://github.com/sparkle-project/Sparkle";
			requirement = {
				kind = upToNextMajorVersion;
				minimumVersion = 2.6.0;
			};
		};
/* End XCRemoteSwiftPackageReference section */

/* Begin XCSwiftPackageProductDependency section */
		D0A63CAE2F74A8DE0032498D /* RailcartChain */ = {
			isa = XCSwiftPackageProductDependency;
			package = D0A63CAC2F74A8500032498D /* XCLocalSwiftPackageReference "packages/RailcartChain" */;
			productName = RailcartChain;
		};
		D0SPARKLE0100000000000003 /* Sparkle */ = {
			isa = XCSwiftPackageProductDependency;
			package = D0SPARKLE0100000000000002 /* XCRemoteSwiftPackageReference "Sparkle" */;
			productName = Sparkle;
		};
/* End XCSwiftPackageProductDependency section */
	};
	rootObject = D07847982F71C5D40008E08D /* Project object */;
}
